
Microsoft Visual Studio Solution File, Format Version 12.00
# Visual Studio Version 16
VisualStudioVersion = 16.0.30406.217
MinimumVisualStudioVersion = 10.0.40219.1
Project("{F2A71F9B-5D33-465A-A702-920D77279786}") = "Simulation", "ClassLibrary1\Simulation.fsproj", "{F0ED8FBC-03A8-4BBF-9020-21D0EC06E4B3}"
EndProject
Project("{FAE04EC0-301F-11D3-BF4B-00C04F79EFBC}") = "Tests", "UnitTestProject1\Tests.csproj", "{D66304D0-CFE2-4512-8379-601CE65554FC}"
EndProject
Global
	GlobalSection(SolutionConfigurationPlatforms) = preSolution
		Debug|Any CPU = Debug|Any CPU
		Release|Any CPU = Release|Any CPU
	EndGlobalSection
	GlobalSection(ProjectConfigurationPlatforms) = postSolution
		{F0ED8FBC-03A8-4BBF-9020-21D0EC06E4B3}.Debug|Any CPU.ActiveCfg = Debug|Any CPU
		{F0ED8FBC-03A8-4BBF-9020-21D0EC06E4B3}.Debug|Any CPU.Build.0 = Debug|Any CPU
		{F0ED8FBC-03A8-4BBF-9020-21D0EC06E4B3}.Release|Any CPU.ActiveCfg = Release|Any CPU
		{F0ED8FBC-03A8-4BBF-9020-21D0EC06E4B3}.Release|Any CPU.Build.0 = Release|Any CPU
		{D66304D0-CFE2-4512-8379-601CE65554FC}.Debug|Any CPU.ActiveCfg = Debug|Any CPU
		{D66304D0-CFE2-4512-8379-601CE65554FC}.Debug|Any CPU.Build.0 = Debug|Any CPU
		{D66304D0-CFE2-4512-8379-601CE65554FC}.Release|Any CPU.ActiveCfg = Release|Any CPU
		{D66304D0-CFE2-4512-8379-601CE65554FC}.Release|Any CPU.Build.0 = Release|Any CPU
	EndGlobalSection
	GlobalSection(SolutionProperties) = preSolution
		HideSolutionNode = FALSE
	EndGlobalSection
	GlobalSection(ExtensibilityGlobals) = postSolution
		SolutionGuid = {DD466FE2-89EE-4AEB-BF57-272F6EFBEFFB}
	EndGlobalSection
EndGlobal
